// !$*UTF8*$!
{
	archiveVersion = 1;
	classes = {
	};
	objectVersion = 50;
	objects = {

/* Begin PBXBuildFile section */
		DB48896B25AE5EDE00FDD615 /* AppDelegate.swift in Sources */ = {isa = PBXBuildFile; fileRef = DB48896A25AE5EDE00FDD615 /* AppDelegate.swift */; };
		DB48896D25AE5EDE00FDD615 /* SceneDelegate.swift in Sources */ = {isa = PBXBuildFile; fileRef = DB48896C25AE5EDE00FDD615 /* SceneDelegate.swift */; };
		DB48896F25AE5EDE00FDD615 /* ViewController.swift in Sources */ = {isa = PBXBuildFile; fileRef = DB48896E25AE5EDE00FDD615 /* ViewController.swift */; };
		DB48897225AE5EDE00FDD615 /* Main.storyboard in Resources */ = {isa = PBXBuildFile; fileRef = DB48897025AE5EDE00FDD615 /* Main.storyboard */; };
		DB48897425AE5EDF00FDD615 /* Assets.xcassets in Resources */ = {isa = PBXBuildFile; fileRef = DB48897325AE5EDF00FDD615 /* Assets.xcassets */; };
		DB48897725AE5EDF00FDD615 /* LaunchScreen.storyboard in Resources */ = {isa = PBXBuildFile; fileRef = DB48897525AE5EDF00FDD615 /* LaunchScreen.storyboard */; };
/* End PBXBuildFile section */

/* Begin PBXFileReference section */
		DB48896725AE5EDE00FDD615 /* swiftAppKeyboard.app */ = {isa = PBXFileReference; explicitFileType = wrapper.application; includeInIndex = 0; path = swiftAppKeyboard.app; sourceTree = BUILT_PRODUCTS_DIR; };
		DB48896A25AE5EDE00FDD615 /* AppDelegate.swift */ = {isa = PBXFileReference; lastKnownFileType = sourcecode.swift; path = AppDelegate.swift; sourceTree = "<group>"; };
		DB48896C25AE5EDE00FDD615 /* SceneDelegate.swift */ = {isa = PBXFileReference; lastKnownFileType = sourcecode.swift; path = SceneDelegate.swift; sourceTree = "<group>"; };
		DB48896E25AE5EDE00FDD615 /* ViewController.swift */ = {isa = PBXFileReference; lastKnownFileType = sourcecode.swift; path = ViewController.swift; sourceTree = "<group>"; };
		DB48897125AE5EDE00FDD615 /* Base */ = {isa = PBXFileReference; lastKnownFileType = file.storyboard; name = Base; path = Base.lproj/Main.storyboard; sourceTree = "<group>"; };
		DB48897325AE5EDF00FDD615 /* Assets.xcassets */ = {isa = PBXFileReference; lastKnownFileType = folder.assetcatalog; path = Assets.xcassets; sourceTree = "<group>"; };
		DB48897625AE5EDF00FDD615 /* Base */ = {isa = PBXFileReference; lastKnownFileType = file.storyboard; name = Base; path = Base.lproj/LaunchScreen.storyboard; sourceTree = "<group>"; };
		DB48897825AE5EDF00FDD615 /* Info.plist */ = {isa = PBXFileReference; lastKnownFileType = text.plist.xml; path = Info.plist; sourceTree = "<group>"; };
/* End PBXFileReference section */

/* Begin PBXFrameworksBuildPhase section */
		DB48896425AE5EDE00FDD615 /* Frameworks */ = {
			isa = PBXFrameworksBuildPhase;
			buildActionMask = 2147483647;
			files = (
			);
			runOnlyForDeploymentPostprocessing = 0;
		};
/* End PBXFrameworksBuildPhase section */

/* Begin PBXGroup section */
		DB48895E25AE5EDE00FDD615 = {
			isa = PBXGroup;
			children = (
				DB48896925AE5EDE00FDD615 /* swiftAppKeyboard */,
				DB48896825AE5EDE00FDD615 /* Products */,
			);
			sourceTree = "<group>";
		};
		DB48896825AE5EDE00FDD615 /* Products */ = {
			isa = PBXGroup;
			children = (
				DB48896725AE5EDE00FDD615 /* swiftAppKeyboard.app */,
			);
			name = Products;
			sourceTree = "<group>";
		};
		DB48896925AE5EDE00FDD615 /* swiftAppKeyboard */ = {
			isa = PBXGroup;
			children = (
				DB48896A25AE5EDE00FDD615 /* AppDelegate.swift */,
				DB48896C25AE5EDE00FDD615 /* SceneDelegate.swift */,
				DB48896E25AE5EDE00FDD615 /* ViewController.swift */,
				DB48897025AE5EDE00FDD615 /* Main.storyboard */,
				DB48897325AE5EDF00FDD615 /* Assets.xcassets */,
				DB48897525AE5EDF00FDD615 /* LaunchScreen.storyboard */,
				DB48897825AE5EDF00FDD615 /* Info.plist */,
			);
			path = swiftAppKeyboard;
			sourceTree = "<group>";
		};
/* End PBXGroup section */

/* Begin PBXNativeTarget section */
		DB48896625AE5EDE00FDD615 /* swiftAppKeyboard */ = {
			isa = PBXNativeTarget;
			buildConfigurationList = DB48897B25AE5EDF00FDD615 /* Build configuration list for PBXNativeTarget "swiftAppKeyboard" */;
			buildPhases = (
				DB48896325AE5EDE00FDD615 /* Sources */,
				DB48896425AE5EDE00FDD615 /* Frameworks */,
				DB48896525AE5EDE00FDD615 /* Resources */,
			);
			buildRules = (
			);
			dependencies = (
			);
			name = swiftAppKeyboard;
			productName = swiftAppKeyboard;
			productReference = DB48896725AE5EDE00FDD615 /* swiftAppKeyboard.app */;
			productType = "com.apple.product-type.application";
		};
/* End PBXNativeTarget section */

/* Begin PBXProject section */
		DB48895F25AE5EDE00FDD615 /* Project object */ = {
			isa = PBXProject;
			attributes = {
				LastSwiftUpdateCheck = 1230;
				LastUpgradeCheck = 1230;
				TargetAttributes = {
					DB48896625AE5EDE00FDD615 = {
						CreatedOnToolsVersion = 12.3;
					};
				};
			};
			buildConfigurationList = DB48896225AE5EDE00FDD615 /* Build configuration list for PBXProject "swiftAppKeyboard" */;
			compatibilityVersion = "Xcode 9.3";
			developmentRegion = en;
			hasScannedForEncodings = 0;
			knownRegions = (
				en,
				Base,
			);
			mainGroup = DB48895E25AE5EDE00FDD615;
			productRefGroup = DB48896825AE5EDE00FDD615 /* Products */;
			projectDirPath = "";
			projectRoot = "";
			targets = (
				DB48896625AE5EDE00FDD615 /* swiftAppKeyboard */,
			);
		};
/* End PBXProject section */

/* Begin PBXResourcesBuildPhase section */
		DB48896525AE5EDE00FDD615 /* Resources */ = {
			isa = PBXResourcesBuildPhase;
			buildActionMask = 2147483647;
			files = (
				DB48897725AE5EDF00FDD615 /* LaunchScreen.storyboard in Resources */,
				DB48897425AE5EDF00FDD615 /* Assets.xcassets in Resources */,
				DB48897225AE5EDE00FDD615 /* Main.storyboard in Resources */,
			);
			runOnlyForDeploymentPostprocessing = 0;
		};
/* End PBXResourcesBuildPhase section */

/* Begin PBXSourcesBuildPhase section */
		DB48896325AE5EDE00FDD615 /* Sources */ = {
			isa = PBXSourcesBuildPhase;
			buildActionMask = 2147483647;
			files = (
				DB48896F25AE5EDE00FDD615 /* ViewController.swift in Sources */,
				DB48896B25AE5EDE00FDD615 /* AppDelegate.swift in Sources */,
				DB48896D25AE5EDE00FDD615 /* SceneDelegate.swift in Sources */,
			);
			runOnlyForDeploymentPostprocessing = 0;
		};
/* End PBXSourcesBuildPhase section */

/* Begin PBXVariantGroup section */
		DB48897025AE5EDE00FDD615 /* Main.storyboard */ = {
			isa = PBXVariantGroup;
			children = (
				DB48897125AE5EDE00FDD615 /* Base */,
			);
			name = Main.storyboard;
			sourceTree = "<group>";
		};
		DB48897525AE5EDF00FDD615 /* LaunchScreen.storyboard */ = {
			isa = PBXVariantGroup;
			children = (
				DB48897625AE5EDF00FDD615 /* Base */,
			);
			name = LaunchScreen.storyboard;
			sourceTree = "<group>";
		};
/* End PBXVariantGroup section */

/* Begin XCBuildConfiguration section */
		DB48897925AE5EDF00FDD615 /* Debug */ = {
			isa = XCBuildConfiguration;
			buildSettings = {
				ALWAYS_SEARCH_USER_PATHS = NO;
				CLANG_ANALYZER_NONNULL = YES;
				CLANG_ANALYZER_NUMBER_OBJECT_CONVERSION = YES_AGGRESSIVE;
				CLANG_CXX_LANGUAGE_STANDARD = "gnu++14";
				CLANG_CXX_LIBRARY = "libc++";
				CLANG_ENABLE_MODULES = YES;
				CLANG_ENABLE_OBJC_ARC = YES;
				CLANG_ENABLE_OBJC_WEAK = YES;
				CLANG_WARN_BLOCK_CAPTURE_AUTORELEASING = YES;
				CLANG_WARN_BOOL_CONVERSION = YES;
				CLANG_WARN_COMMA = YES;
				CLANG_WARN_CONSTANT_CONVERSION = YES;
				CLANG_WARN_DEPRECATED_OBJC_IMPLEMENTATIONS = YES;
				CLANG_WARN_DIRECT_OBJC_ISA_USAGE = YES_ERROR;
				CLANG_WARN_DOCUMENTATION_COMMENTS = YES;
				CLANG_WARN_EMPTY_BODY = YES;
				CLANG_WARN_ENUM_CONVERSION = YES;
				CLANG_WARN_INFINITE_RECURSION = YES;
				CLANG_WARN_INT_CONVERSION = YES;
				CLANG_WARN_NON_LITERAL_NULL_CONVERSION = YES;
				CLANG_WARN_OBJC_IMPLICIT_RETAIN_SELF = YES;
				CLANG_WARN_OBJC_LITERAL_CONVERSION = YES;
				CLANG_WARN_OBJC_ROOT_CLASS = YES_ERROR;
				CLANG_WARN_QUOTED_INCLUDE_IN_FRAMEWORK_HEADER = YES;
				CLANG_WARN_RANGE_LOOP_ANALYSIS = YES;
				CLANG_WARN_STRICT_PROTOTYPES = YES;
				CLANG_WARN_SUSPICIOUS_MOVE = YES;
				CLANG_WARN_UNGUARDED_AVAILABILITY = YES_AGGRESSIVE;
				CLANG_WARN_UNREACHABLE_CODE = YES;
				CLANG_WARN__DUPLICATE_METHOD_MATCH = YES;
				COPY_PHASE_STRIP = NO;
				DEBUG_INFORMATION_FORMAT = dwarf;
				ENABLE_STRICT_OBJC_MSGSEND = YES;
				ENABLE_TESTABILITY = YES;
				GCC_C_LANGUAGE_STANDARD = gnu11;
				GCC_DYNAMIC_NO_PIC = NO;
				GCC_NO_COMMON_BLOCKS = YES;
				GCC_OPTIMIZATION_LEVEL = 0;
				GCC_PREPROCESSOR_DEFINITIONS = (
					"DEBUG=1",
					"$(inherited)",
				);
				GCC_WARN_64_TO_32_BIT_CONVERSION = YES;
				GCC_WARN_ABOUT_RETURN_TYPE = YES_ERROR;
				GCC_WARN_UNDECLARED_SELECTOR = YES;
				GCC_WARN_UNINITIALIZED_AUTOS = YES_AGGRESSIVE;
				GCC_WARN_UNUSED_FUNCTION = YES;
				GCC_WARN_UNUSED_VARIABLE = YES;
				IPHONEOS_DEPLOYMENT_TARGET = 14.3;
				MTL_ENABLE_DEBUG_INFO = INCLUDE_SOURCE;
				MTL_FAST_MATH = YES;
				ONLY_ACTIVE_ARCH = YES;
				SDKROOT = iphoneos;
				SWIFT_ACTIVE_COMPILATION_CONDITIONS = DEBUG;
				SWIFT_OPTIMIZATION_LEVEL = "-Onone";
			};
			name = Debug;
		};
		DB48897A25AE5EDF00FDD615 /* Release */ = {
			isa = XCBuildConfiguration;
			buildSettings = {
				ALWAYS_SEARCH_USER_PATHS = NO;
				CLANG_ANALYZER_NONNULL = YES;
				CLANG_ANALYZER_NUMBER_OBJECT_CONVERSION = YES_AGGRESSIVE;
				CLANG_CXX_LANGUAGE_STANDARD = "gnu++14";
				CLANG_CXX_LIBRARY = "libc++";
				CLANG_ENABLE_MODULES = YES;
				CLANG_ENABLE_OBJC_ARC = YES;
				CLANG_ENABLE_OBJC_WEAK = YES;
				CLANG_WARN_BLOCK_CAPTURE_AUTORELEASING = YES;
				CLANG_WARN_BOOL_CONVERSION = YES;
				CLANG_WARN_COMMA = YES;
				CLANG_WARN_CONSTANT_CONVERSION = YES;
				CLANG_WARN_DEPRECATED_OBJC_IMPLEMENTATIONS = YES;
				CLANG_WARN_DIRECT_OBJC_ISA_USAGE = YES_ERROR;
				CLANG_WARN_DOCUMENTATION_COMMENTS = YES;
				CLANG_WARN_EMPTY_BODY = YES;
				CLANG_WARN_ENUM_CONVERSION = YES;
				CLANG_WARN_INFINITE_RECURSION = YES;
				CLANG_WARN_INT_CONVERSION = YES;
				CLANG_WARN_NON_LITERAL_NULL_CONVERSION = YES;
				CLANG_WARN_OBJC_IMPLICIT_RETAIN_SELF = YES;
				CLANG_WARN_OBJC_LITERAL_CONVERSION = YES;
				CLANG_WARN_OBJC_ROOT_CLASS = YES_ERROR;
				CLANG_WARN_QUOTED_INCLUDE_IN_FRAMEWORK_HEADER = YES;
				CLANG_WARN_RANGE_LOOP_ANALYSIS = YES;
				CLANG_WARN_STRICT_PROTOTYPES = YES;
				CLANG_WARN_SUSPICIOUS_MOVE = YES;
				CLANG_WARN_UNGUARDED_AVAILABILITY = YES_AGGRESSIVE;
				CLANG_WARN_UNREACHABLE_CODE = YES;
				CLANG_WARN__DUPLICATE_METHOD_MATCH = YES;
				COPY_PHASE_STRIP = NO;
				DEBUG_INFORMATION_FORMAT = "dwarf-with-dsym";
				ENABLE_NS_ASSERTIONS = NO;
				ENABLE_STRICT_OBJC_MSGSEND = YES;
				GCC_C_LANGUAGE_STANDARD = gnu11;
				GCC_NO_COMMON_BLOCKS = YES;
				GCC_WARN_64_TO_32_BIT_CONVERSION = YES;
				GCC_WARN_ABOUT_RETURN_TYPE = YES_ERROR;
				GCC_WARN_UNDECLARED_SELECTOR = YES;
				GCC_WARN_UNINITIALIZED_AUTOS = YES_AGGRESSIVE;
				GCC_WARN_UNUSED_FUNCTION = YES;
				GCC_WARN_UNUSED_VARIABLE = YES;
				IPHONEOS_DEPLOYMENT_TARGET = 14.3;
				MTL_ENABLE_DEBUG_INFO = NO;
				MTL_FAST_MATH = YES;
				SDKROOT = iphoneos;
				SWIFT_COMPILATION_MODE = wholemodule;
				SWIFT_OPTIMIZATION_LEVEL = "-O";
				VALIDATE_PRODUCT = YES;
			};
			name = Release;
		};
		DB48897C25AE5EDF00FDD615 /* Debug */ = {
			isa = XCBuildConfiguration;
			buildSettings = {
				ASSETCATALOG_COMPILER_APPICON_NAME = AppIcon;
				ASSETCATALOG_COMPILER_GLOBAL_ACCENT_COLOR_NAME = AccentColor;
				CODE_SIGN_STYLE = Automatic;
				DEVELOPMENT_TEAM = NX5JXSC7F2;
				INFOPLIST_FILE = swiftAppKeyboard/Info.plist;
				LD_RUNPATH_SEARCH_PATHS = (
					"$(inherited)",
					"@executable_path/Frameworks",
				);
				PRODUCT_BUNDLE_IDENTIFIER = com.yuichiudemy.swiftAppKeyboard;
				PRODUCT_NAME = "$(TARGET_NAME)";
				SWIFT_VERSION = 5.0;
				TARGETED_DEVICE_FAMILY = "1,2";
			};
			name = Debug;
		};
		DB48897D25AE5EDF00FDD615 /* Release */ = {
			isa = XCBuildConfiguration;
			buildSettings = {
				ASSETCATALOG_COMPILER_APPICON_NAME = AppIcon;
				ASSETCATALOG_COMPILER_GLOBAL_ACCENT_COLOR_NAME = AccentColor;
				CODE_SIGN_STYLE = Automatic;
				DEVELOPMENT_TEAM = NX5JXSC7F2;
				INFOPLIST_FILE = swiftAppKeyboard/Info.plist;
				LD_RUNPATH_SEARCH_PATHS = (
					"$(inherited)",
					"@executable_path/Frameworks",
				);
				PRODUCT_BUNDLE_IDENTIFIER = com.yuichiudemy.swiftAppKeyboard;
				PRODUCT_NAME = "$(TARGET_NAME)";
				SWIFT_VERSION = 5.0;
				TARGETED_DEVICE_FAMILY = "1,2";
			};
			name = Release;
		};
/* End XCBuildConfiguration section */

/* Begin XCConfigurationList section */
		DB48896225AE5EDE00FDD615 /* Build configuration list for PBXProject "swiftAppKeyboard" */ = {
			isa = XCConfigurationList;
			buildConfigurations = (
				DB48897925AE5EDF00FDD615 /* Debug */,
				DB48897A25AE5EDF00FDD615 /* Release */,
			);
			defaultConfigurationIsVisible = 0;
			defaultConfigurationName = Release;
		};
		DB48897B25AE5EDF00FDD615 /* Build configuration list for PBXNativeTarget "swiftAppKeyboard" */ = {
			isa = XCConfigurationList;
			buildConfigurations = (
				DB48897C25AE5EDF00FDD615 /* Debug */,
				DB48897D25AE5EDF00FDD615 /* Release */,
			);
			defaultConfigurationIsVisible = 0;
			defaultConfigurationName = Release;
		};
/* End XCConfigurationList section */
	};
	rootObject = DB48895F25AE5EDE00FDD615 /* Project object */;
}
